// !$*UTF8*$!
{
	archiveVersion = 1;
	classes = {
	};
	objectVersion = 77;
	objects = {

/* Begin PBXBuildFile section */
		1CD2A6438BEFD33E48A9AE84 /* ClipboardMonitor.swift in Sources */ = {isa = PBXBuildFile; fileRef = 5914DE52FE026475F88B6FED /* ClipboardMonitor.swift */; };
		426CE6054B62B75E52494B93 /* ContentType.swift in Sources */ = {isa = PBXBuildFile; fileRef = 7C3978B293FAB87F437B2D89 /* ContentType.swift */; };
		4ABC5F74D2C361C0431B2911 /* Assets.xcassets in Resources */ = {isa = PBXBuildFile; fileRef = FE48DBAB68E9E944D7AA11A7 /* Assets.xcassets */; };
		4FBCB853DE7557E397654C53 /* StorageManagerTests.swift in Sources */ = {isa = PBXBuildFile; fileRef = 1997BB250F22C3DDD397F0F3 /* StorageManagerTests.swift */; };
		58FB4F10CAD9D42EC3485FA0 /* PasteboardConstants.swift in Sources */ = {isa = PBXBuildFile; fileRef = 336AEB429DB905D6E693F12A /* PasteboardConstants.swift */; };
		5B2A7058923FF34722A057F2 /* ClipboardEntry.swift in Sources */ = {isa = PBXBuildFile; fileRef = EE7EB90657F893E735D65E26 /* ClipboardEntry.swift */; };
		7586E6278DC288374F8287D8 /* ContentTypeTests.swift in Sources */ = {isa = PBXBuildFile; fileRef = 590A85722B89EC1934850786 /* ContentTypeTests.swift */; };
		B40ABE2D442B6197F78A09D6 /* MenuBarView.swift in Sources */ = {isa = PBXBuildFile; fileRef = 05CC4F69A65849188846F652 /* MenuBarView.swift */; };
		B62976F5DA550779DE8DF681 /* StashTests.swift in Sources */ = {isa = PBXBuildFile; fileRef = 78C2153EC4FE0F1C715F13D6 /* StashTests.swift */; };
		B790160B7DAAC2FA787342DD /* StashApp.swift in Sources */ = {isa = PBXBuildFile; fileRef = 18DBCC4E2EF53EB5BDC7A134 /* StashApp.swift */; };
		D936FEC241FC04E795647794 /* ClipboardEntryTests.swift in Sources */ = {isa = PBXBuildFile; fileRef = 155A9904AA293878B64E9325 /* ClipboardEntryTests.swift */; };
		E80FD730A3D17A03F4365824 /* StorageManager.swift in Sources */ = {isa = PBXBuildFile; fileRef = 8743F0AF18752419DE6CAC97 /* StorageManager.swift */; };
		F104DE77DA893A46FE0CF7BA /* ClipboardMonitorTests.swift in Sources */ = {isa = PBXBuildFile; fileRef = 75C2F5E8267415CB0256C6BA /* ClipboardMonitorTests.swift */; };
/* End PBXBuildFile section */

/* Begin PBXContainerItemProxy section */
		6D248C125A2D2CAC7F1942DD /* PBXContainerItemProxy */ = {
			isa = PBXContainerItemProxy;
			containerPortal = 033F29620E5209F5D0401DB9 /* Project object */;
			proxyType = 1;
			remoteGlobalIDString = 9FAC94805FFDB4939741D3EE;
			remoteInfo = Stash;
		};
/* End PBXContainerItemProxy section */

/* Begin PBXFileReference section */
		05CC4F69A65849188846F652 /* MenuBarView.swift */ = {isa = PBXFileReference; lastKnownFileType = sourcecode.swift; path = MenuBarView.swift; sourceTree = "<group>"; };
		155A9904AA293878B64E9325 /* ClipboardEntryTests.swift */ = {isa = PBXFileReference; lastKnownFileType = sourcecode.swift; path = ClipboardEntryTests.swift; sourceTree = "<group>"; };
		18DBCC4E2EF53EB5BDC7A134 /* StashApp.swift */ = {isa = PBXFileReference; lastKnownFileType = sourcecode.swift; path = StashApp.swift; sourceTree = "<group>"; };
		1997BB250F22C3DDD397F0F3 /* StorageManagerTests.swift */ = {isa = PBXFileReference; lastKnownFileType = sourcecode.swift; path = StorageManagerTests.swift; sourceTree = "<group>"; };
		320F7C11A1446E642285C4D4 /* Stash.entitlements */ = {isa = PBXFileReference; lastKnownFileType = text.plist.entitlements; path = Stash.entitlements; sourceTree = "<group>"; };
		336AEB429DB905D6E693F12A /* PasteboardConstants.swift */ = {isa = PBXFileReference; lastKnownFileType = sourcecode.swift; path = PasteboardConstants.swift; sourceTree = "<group>"; };
		590A85722B89EC1934850786 /* ContentTypeTests.swift */ = {isa = PBXFileReference; lastKnownFileType = sourcecode.swift; path = ContentTypeTests.swift; sourceTree = "<group>"; };
		5914DE52FE026475F88B6FED /* ClipboardMonitor.swift */ = {isa = PBXFileReference; lastKnownFileType = sourcecode.swift; path = ClipboardMonitor.swift; sourceTree = "<group>"; };
		75C2F5E8267415CB0256C6BA /* ClipboardMonitorTests.swift */ = {isa = PBXFileReference; lastKnownFileType = sourcecode.swift; path = ClipboardMonitorTests.swift; sourceTree = "<group>"; };
		78C2153EC4FE0F1C715F13D6 /* StashTests.swift */ = {isa = PBXFileReference; lastKnownFileType = sourcecode.swift; path = StashTests.swift; sourceTree = "<group>"; };
		7C3978B293FAB87F437B2D89 /* ContentType.swift */ = {isa = PBXFileReference; lastKnownFileType = sourcecode.swift; path = ContentType.swift; sourceTree = "<group>"; };
		8743F0AF18752419DE6CAC97 /* StorageManager.swift */ = {isa = PBXFileReference; lastKnownFileType = sourcecode.swift; path = StorageManager.swift; sourceTree = "<group>"; };
		B0553447F301994707851C31 /* StashTests.xctest */ = {isa = PBXFileReference; explicitFileType = wrapper.cfbundle; includeInIndex = 0; path = StashTests.xctest; sourceTree = BUILT_PRODUCTS_DIR; };
		EE7EB90657F893E735D65E26 /* ClipboardEntry.swift */ = {isa = PBXFileReference; lastKnownFileType = sourcecode.swift; path = ClipboardEntry.swift; sourceTree = "<group>"; };
		FB0FE92F4B2DA1E7CC7DF3AD /* Info.plist */ = {isa = PBXFileReference; lastKnownFileType = text.plist; path = Info.plist; sourceTree = "<group>"; };
		FE48DBAB68E9E944D7AA11A7 /* Assets.xcassets */ = {isa = PBXFileReference; lastKnownFileType = folder.assetcatalog; path = Assets.xcassets; sourceTree = "<group>"; };
		FF2AED5E66FAB2122C8437E2 /* Stash.app */ = {isa = PBXFileReference; explicitFileType = wrapper.application; includeInIndex = 0; path = Stash.app; sourceTree = BUILT_PRODUCTS_DIR; };
/* End PBXFileReference section */

/* Begin PBXGroup section */
		1AD3AD23F5B4B0B7C0BCD208 /* Support */ = {
			isa = PBXGroup;
			children = (
				336AEB429DB905D6E693F12A /* PasteboardConstants.swift */,
			);
			path = Support;
			sourceTree = "<group>";
		};
		22E5CCC3596340D277183E6B /* Products */ = {
			isa = PBXGroup;
			children = (
				FF2AED5E66FAB2122C8437E2 /* Stash.app */,
				B0553447F301994707851C31 /* StashTests.xctest */,
			);
			name = Products;
			sourceTree = "<group>";
		};
		3882CD9E441306002BF13144 = {
			isa = PBXGroup;
			children = (
				C4C0CBBA2BDF41FDCA7DE4C5 /* Stash */,
				FA0DB58DA61AF4667E4E88E2 /* StashTests */,
				22E5CCC3596340D277183E6B /* Products */,
			);
			sourceTree = "<group>";
		};
		609DEB17A5D3D8C832F2269E /* Model */ = {
			isa = PBXGroup;
			children = (
				EE7EB90657F893E735D65E26 /* ClipboardEntry.swift */,
				7C3978B293FAB87F437B2D89 /* ContentType.swift */,
			);
			path = Model;
			sourceTree = "<group>";
		};
		6EE469904D026E07B5E638C7 /* Model */ = {
			isa = PBXGroup;
			children = (
				155A9904AA293878B64E9325 /* ClipboardEntryTests.swift */,
				590A85722B89EC1934850786 /* ContentTypeTests.swift */,
			);
			path = Model;
			sourceTree = "<group>";
		};
		BB45C1F26DFB869B198A4BEB /* Services */ = {
			isa = PBXGroup;
			children = (
				5914DE52FE026475F88B6FED /* ClipboardMonitor.swift */,
				8743F0AF18752419DE6CAC97 /* StorageManager.swift */,
			);
			path = Services;
			sourceTree = "<group>";
		};
		C4C0CBBA2BDF41FDCA7DE4C5 /* Stash */ = {
			isa = PBXGroup;
			children = (
				FE48DBAB68E9E944D7AA11A7 /* Assets.xcassets */,
				FB0FE92F4B2DA1E7CC7DF3AD /* Info.plist */,
				320F7C11A1446E642285C4D4 /* Stash.entitlements */,
				18DBCC4E2EF53EB5BDC7A134 /* StashApp.swift */,
				609DEB17A5D3D8C832F2269E /* Model */,
				BB45C1F26DFB869B198A4BEB /* Services */,
				1AD3AD23F5B4B0B7C0BCD208 /* Support */,
				D7A00AFBA6C712255B27AAB1 /* Views */,
			);
			path = Stash;
			sourceTree = "<group>";
		};
		D7A00AFBA6C712255B27AAB1 /* Views */ = {
			isa = PBXGroup;
			children = (
				05CC4F69A65849188846F652 /* MenuBarView.swift */,
			);
			path = Views;
			sourceTree = "<group>";
		};
		DB895F0FEFA3D9396F2930D7 /* Services */ = {
			isa = PBXGroup;
			children = (
				75C2F5E8267415CB0256C6BA /* ClipboardMonitorTests.swift */,
				1997BB250F22C3DDD397F0F3 /* StorageManagerTests.swift */,
			);
			path = Services;
			sourceTree = "<group>";
		};
		FA0DB58DA61AF4667E4E88E2 /* StashTests */ = {
			isa = PBXGroup;
			children = (
				78C2153EC4FE0F1C715F13D6 /* StashTests.swift */,
				6EE469904D026E07B5E638C7 /* Model */,
				DB895F0FEFA3D9396F2930D7 /* Services */,
			);
			path = StashTests;
			sourceTree = "<group>";
		};
/* End PBXGroup section */

/* Begin PBXNativeTarget section */
		6BD7EF5D7574098C82FF9A8D /* StashTests */ = {
			isa = PBXNativeTarget;
			buildConfigurationList = 54FA2A1BB95A81A0AD1050F0 /* Build configuration list for PBXNativeTarget "StashTests" */;
			buildPhases = (
				A2549831AFCA4CDB8D81A9F2 /* Sources */,
			);
			buildRules = (
			);
			dependencies = (
				543663EB4D02A2D8CE843E39 /* PBXTargetDependency */,
			);
			name = StashTests;
			packageProductDependencies = (
			);
			productName = StashTests;
			productReference = B0553447F301994707851C31 /* StashTests.xctest */;
			productType = "com.apple.product-type.bundle.unit-test";
		};
		9FAC94805FFDB4939741D3EE /* Stash */ = {
			isa = PBXNativeTarget;
			buildConfigurationList = 78E94BD0C76520D4ECE354DA /* Build configuration list for PBXNativeTarget "Stash" */;
			buildPhases = (
				6C13513CC4C46FC36B1B1B62 /* Sources */,
				AE68EC794A69DDBAA88CF2AF /* Resources */,
			);
			buildRules = (
			);
			dependencies = (
			);
			name = Stash;
			packageProductDependencies = (
			);
			productName = Stash;
			productReference = FF2AED5E66FAB2122C8437E2 /* Stash.app */;
			productType = "com.apple.product-type.application";
		};
/* End PBXNativeTarget section */

/* Begin PBXProject section */
		033F29620E5209F5D0401DB9 /* Project object */ = {
			isa = PBXProject;
			attributes = {
				BuildIndependentTargetsInParallel = YES;
				LastUpgradeCheck = 1600;
			};
			buildConfigurationList = 8036E9899E16BB9F128645CD /* Build configuration list for PBXProject "Stash" */;
			compatibilityVersion = "Xcode 14.0";
			developmentRegion = en;
			hasScannedForEncodings = 0;
			knownRegions = (
				Base,
				en,
			);
			mainGroup = 3882CD9E441306002BF13144;
			minimizedProjectReferenceProxies = 1;
			preferredProjectObjectVersion = 77;
			projectDirPath = "";
			projectRoot = "";
			targets = (
				9FAC94805FFDB4939741D3EE /* Stash */,
				6BD7EF5D7574098C82FF9A8D /* StashTests */,
			);
		};
/* End PBXProject section */

/* Begin PBXResourcesBuildPhase section */
		AE68EC794A69DDBAA88CF2AF /* Resources */ = {
			isa = PBXResourcesBuildPhase;
			buildActionMask = 2147483647;
			files = (
				4ABC5F74D2C361C0431B2911 /* Assets.xcassets in Resources */,
			);
			runOnlyForDeploymentPostprocessing = 0;
		};
/* End PBXResourcesBuildPhase section */

/* Begin PBXSourcesBuildPhase section */
		6C13513CC4C46FC36B1B1B62 /* Sources */ = {
			isa = PBXSourcesBuildPhase;
			buildActionMask = 2147483647;
			files = (
				5B2A7058923FF34722A057F2 /* ClipboardEntry.swift in Sources */,
				1CD2A6438BEFD33E48A9AE84 /* ClipboardMonitor.swift in Sources */,
				426CE6054B62B75E52494B93 /* ContentType.swift in Sources */,
				B40ABE2D442B6197F78A09D6 /* MenuBarView.swift in Sources */,
				58FB4F10CAD9D42EC3485FA0 /* PasteboardConstants.swift in Sources */,
				B790160B7DAAC2FA787342DD /* StashApp.swift in Sources */,
				E80FD730A3D17A03F4365824 /* StorageManager.swift in Sources */,
			);
			runOnlyForDeploymentPostprocessing = 0;
		};
		A2549831AFCA4CDB8D81A9F2 /* Sources */ = {
			isa = PBXSourcesBuildPhase;
			buildActionMask = 2147483647;
			files = (
				D936FEC241FC04E795647794 /* ClipboardEntryTests.swift in Sources */,
				F104DE77DA893A46FE0CF7BA /* ClipboardMonitorTests.swift in Sources */,
				7586E6278DC288374F8287D8 /* ContentTypeTests.swift in Sources */,
				B62976F5DA550779DE8DF681 /* StashTests.swift in Sources */,
				4FBCB853DE7557E397654C53 /* StorageManagerTests.swift in Sources */,
			);
			runOnlyForDeploymentPostprocessing = 0;
		};
/* End PBXSourcesBuildPhase section */

/* Begin PBXTargetDependency section */
		543663EB4D02A2D8CE843E39 /* PBXTargetDependency */ = {
			isa = PBXTargetDependency;
			target = 9FAC94805FFDB4939741D3EE /* Stash */;
			targetProxy = 6D248C125A2D2CAC7F1942DD /* PBXContainerItemProxy */;
		};
/* End PBXTargetDependency section */

/* Begin XCBuildConfiguration section */
		10D2E8ECD05F572617234BDD /* Debug */ = {
			isa = XCBuildConfiguration;
			buildSettings = {
				ASSETCATALOG_COMPILER_APPICON_NAME = AppIcon;
				CODE_SIGN_ENTITLEMENTS = Stash/Stash.entitlements;
				CODE_SIGN_IDENTITY = "-";
				COMBINE_HIDPI_IMAGES = YES;
				GENERATE_INFOPLIST_FILE = NO;
				INFOPLIST_FILE = Stash/Info.plist;
				LD_RUNPATH_SEARCH_PATHS = (
					"$(inherited)",
					"@executable_path/../Frameworks",
				);
				PRODUCT_BUNDLE_IDENTIFIER = com.hexul.Stash;
				PRODUCT_NAME = Stash;
				SDKROOT = macosx;
			};
			name = Debug;
		};
		75E93CE1066EEEF998F48EF1 /* Release */ = {
			isa = XCBuildConfiguration;
			buildSettings = {
				BUNDLE_LOADER = "$(TEST_HOST)";
				COMBINE_HIDPI_IMAGES = YES;
				GENERATE_INFOPLIST_FILE = YES;
				LD_RUNPATH_SEARCH_PATHS = (
					"$(inherited)",
					"@executable_path/../Frameworks",
					"@loader_path/../Frameworks",
				);
				PRODUCT_BUNDLE_IDENTIFIER = com.hexul.StashTests;
				SDKROOT = macosx;
				TEST_HOST = "$(BUILT_PRODUCTS_DIR)/Stash.app/Contents/MacOS/Stash";
			};
			name = Release;
		};
		A7232640369F3B29CC31B666 /* Release */ = {
			isa = XCBuildConfiguration;
			buildSettings = {
				ASSETCATALOG_COMPILER_APPICON_NAME = AppIcon;
				CODE_SIGN_ENTITLEMENTS = Stash/Stash.entitlements;
				CODE_SIGN_IDENTITY = "-";
				COMBINE_HIDPI_IMAGES = YES;
				GENERATE_INFOPLIST_FILE = NO;
				INFOPLIST_FILE = Stash/Info.plist;
				LD_RUNPATH_SEARCH_PATHS = (
					"$(inherited)",
					"@executable_path/../Frameworks",
				);
				PRODUCT_BUNDLE_IDENTIFIER = com.hexul.Stash;
				PRODUCT_NAME = Stash;
				SDKROOT = macosx;
			};
			name = Release;
		};
		A8E1652CCA19D907F3FA6073 /* Debug */ = {
			isa = XCBuildConfiguration;
			buildSettings = {
				ALWAYS_SEARCH_USER_PATHS = NO;
				CLANG_ANALYZER_NONNULL = YES;
				CLANG_ANALYZER_NUMBER_OBJECT_CONVERSION = YES_AGGRESSIVE;
				CLANG_CXX_LANGUAGE_STANDARD = "gnu++14";
				CLANG_CXX_LIBRARY = "libc++";
				CLANG_ENABLE_MODULES = YES;
				CLANG_ENABLE_OBJC_ARC = YES;
				CLANG_ENABLE_OBJC_WEAK = YES;
				CLANG_WARN_BLOCK_CAPTURE_AUTORELEASING = YES;
				CLANG_WARN_BOOL_CONVERSION = YES;
				CLANG_WARN_COMMA = YES;
				CLANG_WARN_CONSTANT_CONVERSION = YES;
				CLANG_WARN_DEPRECATED_OBJC_IMPLEMENTATIONS = YES;
				CLANG_WARN_DIRECT_OBJC_ISA_USAGE = YES_ERROR;
				CLANG_WARN_DOCUMENTATION_COMMENTS = YES;
				CLANG_WARN_EMPTY_BODY = YES;
				CLANG_WARN_ENUM_CONVERSION = YES;
				CLANG_WARN_INFINITE_RECURSION = YES;
				CLANG_WARN_INT_CONVERSION = YES;
				CLANG_WARN_NON_LITERAL_NULL_CONVERSION = YES;
				CLANG_WARN_OBJC_IMPLICIT_RETAIN_SELF = YES;
				CLANG_WARN_OBJC_LITERAL_CONVERSION = YES;
				CLANG_WARN_OBJC_ROOT_CLASS = YES_ERROR;
				CLANG_WARN_QUOTED_INCLUDE_IN_FRAMEWORK_HEADER = YES;
				CLANG_WARN_RANGE_LOOP_ANALYSIS = YES;
				CLANG_WARN_STRICT_PROTOTYPES = YES;
				CLANG_WARN_SUSPICIOUS_MOVE = YES;
				CLANG_WARN_UNGUARDED_AVAILABILITY = YES_AGGRESSIVE;
				CLANG_WARN_UNREACHABLE_CODE = YES;
				CLANG_WARN__DUPLICATE_METHOD_MATCH = YES;
				COPY_PHASE_STRIP = NO;
				DEBUG_INFORMATION_FORMAT = dwarf;
				ENABLE_HARDENED_RUNTIME = YES;
				ENABLE_STRICT_OBJC_MSGSEND = YES;
				ENABLE_TESTABILITY = YES;
				GCC_C_LANGUAGE_STANDARD = gnu11;
				GCC_DYNAMIC_NO_PIC = NO;
				GCC_NO_COMMON_BLOCKS = YES;
				GCC_OPTIMIZATION_LEVEL = 0;
				GCC_PREPROCESSOR_DEFINITIONS = (
					"$(inherited)",
					"DEBUG=1",
				);
				GCC_WARN_64_TO_32_BIT_CONVERSION = YES;
				GCC_WARN_ABOUT_RETURN_TYPE = YES_ERROR;
				GCC_WARN_UNDECLARED_SELECTOR = YES;
				GCC_WARN_UNINITIALIZED_AUTOS = YES_AGGRESSIVE;
				GCC_WARN_UNUSED_FUNCTION = YES;
				GCC_WARN_UNUSED_VARIABLE = YES;
				MACOSX_DEPLOYMENT_TARGET = 14.0;
				MTL_ENABLE_DEBUG_INFO = INCLUDE_SOURCE;
				MTL_FAST_MATH = YES;
				ONLY_ACTIVE_ARCH = YES;
				PRODUCT_NAME = "$(TARGET_NAME)";
				SDKROOT = macosx;
				SWIFT_ACTIVE_COMPILATION_CONDITIONS = DEBUG;
				SWIFT_OPTIMIZATION_LEVEL = "-Onone";
				SWIFT_STRICT_CONCURRENCY = complete;
				SWIFT_VERSION = 6.0;
			};
			name = Debug;
		};
		EF7ED3002A10DA8241E43742 /* Debug */ = {
			isa = XCBuildConfiguration;
			buildSettings = {
				BUNDLE_LOADER = "$(TEST_HOST)";
				COMBINE_HIDPI_IMAGES = YES;
				GENERATE_INFOPLIST_FILE = YES;
				LD_RUNPATH_SEARCH_PATHS = (
					"$(inherited)",
					"@executable_path/../Frameworks",
					"@loader_path/../Frameworks",
				);
				PRODUCT_BUNDLE_IDENTIFIER = com.hexul.StashTests;
				SDKROOT = macosx;
				TEST_HOST = "$(BUILT_PRODUCTS_DIR)/Stash.app/Contents/MacOS/Stash";
			};
			name = Debug;
		};
		F5B4F721C8EDFDD0EA888EF8 /* Release */ = {
			isa = XCBuildConfiguration;
			buildSettings = {
				ALWAYS_SEARCH_USER_PATHS = NO;
				CLANG_ANALYZER_NONNULL = YES;
				CLANG_ANALYZER_NUMBER_OBJECT_CONVERSION = YES_AGGRESSIVE;
				CLANG_CXX_LANGUAGE_STANDARD = "gnu++14";
				CLANG_CXX_LIBRARY = "libc++";
				CLANG_ENABLE_MODULES = YES;
				CLANG_ENABLE_OBJC_ARC = YES;
				CLANG_ENABLE_OBJC_WEAK = YES;
				CLANG_WARN_BLOCK_CAPTURE_AUTORELEASING = YES;
				CLANG_WARN_BOOL_CONVERSION = YES;
				CLANG_WARN_COMMA = YES;
				CLANG_WARN_CONSTANT_CONVERSION = YES;
				CLANG_WARN_DEPRECATED_OBJC_IMPLEMENTATIONS = YES;
				CLANG_WARN_DIRECT_OBJC_ISA_USAGE = YES_ERROR;
				CLANG_WARN_DOCUMENTATION_COMMENTS = YES;
				CLANG_WARN_EMPTY_BODY = YES;
				CLANG_WARN_ENUM_CONVERSION = YES;
				CLANG_WARN_INFINITE_RECURSION = YES;
				CLANG_WARN_INT_CONVERSION = YES;
				CLANG_WARN_NON_LITERAL_NULL_CONVERSION = YES;
				CLANG_WARN_OBJC_IMPLICIT_RETAIN_SELF = YES;
				CLANG_WARN_OBJC_LITERAL_CONVERSION = YES;
				CLANG_WARN_OBJC_ROOT_CLASS = YES_ERROR;
				CLANG_WARN_QUOTED_INCLUDE_IN_FRAMEWORK_HEADER = YES;
				CLANG_WARN_RANGE_LOOP_ANALYSIS = YES;
				CLANG_WARN_STRICT_PROTOTYPES = YES;
				CLANG_WARN_SUSPICIOUS_MOVE = YES;
				CLANG_WARN_UNGUARDED_AVAILABILITY = YES_AGGRESSIVE;
				CLANG_WARN_UNREACHABLE_CODE = YES;
				CLANG_WARN__DUPLICATE_METHOD_MATCH = YES;
				COPY_PHASE_STRIP = NO;
				DEBUG_INFORMATION_FORMAT = "dwarf-with-dsym";
				ENABLE_HARDENED_RUNTIME = YES;
				ENABLE_NS_ASSERTIONS = NO;
				ENABLE_STRICT_OBJC_MSGSEND = YES;
				GCC_C_LANGUAGE_STANDARD = gnu11;
				GCC_NO_COMMON_BLOCKS = YES;
				GCC_WARN_64_TO_32_BIT_CONVERSION = YES;
				GCC_WARN_ABOUT_RETURN_TYPE = YES_ERROR;
				GCC_WARN_UNDECLARED_SELECTOR = YES;
				GCC_WARN_UNINITIALIZED_AUTOS = YES_AGGRESSIVE;
				GCC_WARN_UNUSED_FUNCTION = YES;
				GCC_WARN_UNUSED_VARIABLE = YES;
				MACOSX_DEPLOYMENT_TARGET = 14.0;
				MTL_ENABLE_DEBUG_INFO = NO;
				MTL_FAST_MATH = YES;
				PRODUCT_NAME = "$(TARGET_NAME)";
				SDKROOT = macosx;
				SWIFT_COMPILATION_MODE = wholemodule;
				SWIFT_OPTIMIZATION_LEVEL = "-O";
				SWIFT_STRICT_CONCURRENCY = complete;
				SWIFT_VERSION = 6.0;
			};
			name = Release;
		};
/* End XCBuildConfiguration section */

/* Begin XCConfigurationList section */
		54FA2A1BB95A81A0AD1050F0 /* Build configuration list for PBXNativeTarget "StashTests" */ = {
			isa = XCConfigurationList;
			buildConfigurations = (
				EF7ED3002A10DA8241E43742 /* Debug */,
				75E93CE1066EEEF998F48EF1 /* Release */,
			);
			defaultConfigurationIsVisible = 0;
			defaultConfigurationName = Debug;
		};
		78E94BD0C76520D4ECE354DA /* Build configuration list for PBXNativeTarget "Stash" */ = {
			isa = XCConfigurationList;
			buildConfigurations = (
				10D2E8ECD05F572617234BDD /* Debug */,
				A7232640369F3B29CC31B666 /* Release */,
			);
			defaultConfigurationIsVisible = 0;
			defaultConfigurationName = Debug;
		};
		8036E9899E16BB9F128645CD /* Build configuration list for PBXProject "Stash" */ = {
			isa = XCConfigurationList;
			buildConfigurations = (
				A8E1652CCA19D907F3FA6073 /* Debug */,
				F5B4F721C8EDFDD0EA888EF8 /* Release */,
			);
			defaultConfigurationIsVisible = 0;
			defaultConfigurationName = Debug;
		};
/* End XCConfigurationList section */
	};
	rootObject = 033F29620E5209F5D0401DB9 /* Project object */;
}
